{
  "name": "skewuy",
  "version": "1.0.1",
  "lockfileVersion": 2,
  "requires": true,
  "packages": {
    "": {
      "name": "skewuy",
      "version": "1.0.1",
      "license": "MIT",
      "dependencies": {
        "skewuy": "^1.0.1"
      }
    },
    "node_modules/skewuy": {
      "version": "1.0.1",
      "resolved": "https://registry.npmjs.org/skewuy/-/skewuy-1.0.1.tgz",
      "integrity": "sha512-79rs9Db6kI24X70HEg1MPV4ziPGapsyxcXSp30KT3/lnRPAzhlctguBQ3RRU9apfSfVJXGkPOZjnZ3bpzs6UjA=="
    }
  },
  "dependencies": {
    "skewuy": {
      "version": "1.0.1",
      "resolved": "https://registry.npmjs.org/skewuy/-/skewuy-1.0.1.tgz",
      "integrity": "sha512-79rs9Db6kI24X70HEg1MPV4ziPGapsyxcXSp30KT3/lnRPAzhlctguBQ3RRU9apfSfVJXGkPOZjnZ3bpzs6UjA=="
    }
  }
}
